
Microsoft Visual Studio Solution File, Format Version 12.00
# Visual Studio 15
VisualStudioVersion = 15.0.27428.2002
MinimumVisualStudioVersion = 10.0.40219.1
Project("{FAE04EC0-301F-11D3-BF4B-00C04F79EFBC}") = "HomePage", "HomePage\HomePage.csproj", "{EF5B4D3A-70FD-4A15-A5BA-D2CC1523CB61}"
EndProject
Project("{E53339B2-1760-4266-BCC7-CA923CBCF16C}") = "docker-compose", "docker-compose.dcproj", "{92240EC8-1391-4B62-A34E-3F0F2EABAE6E}"
EndProject
Global
	GlobalSection(SolutionConfigurationPlatforms) = preSolution
		Debug|Any CPU = Debug|Any CPU
		Release|Any CPU = Release|Any CPU
	EndGlobalSection
	GlobalSection(ProjectConfigurationPlatforms) = postSolution
		{EF5B4D3A-70FD-4A15-A5BA-D2CC1523CB61}.Debug|Any CPU.ActiveCfg = Debug|Any CPU
		{EF5B4D3A-70FD-4A15-A5BA-D2CC1523CB61}.Debug|Any CPU.Build.0 = Debug|Any CPU
		{EF5B4D3A-70FD-4A15-A5BA-D2CC1523CB61}.Release|Any CPU.ActiveCfg = Release|Any CPU
		{EF5B4D3A-70FD-4A15-A5BA-D2CC1523CB61}.Release|Any CPU.Build.0 = Release|Any CPU
		{92240EC8-1391-4B62-A34E-3F0F2EABAE6E}.Debug|Any CPU.ActiveCfg = Debug|Any CPU
		{92240EC8-1391-4B62-A34E-3F0F2EABAE6E}.Debug|Any CPU.Build.0 = Debug|Any CPU
		{92240EC8-1391-4B62-A34E-3F0F2EABAE6E}.Release|Any CPU.ActiveCfg = Release|Any CPU
		{92240EC8-1391-4B62-A34E-3F0F2EABAE6E}.Release|Any CPU.Build.0 = Release|Any CPU
	EndGlobalSection
	GlobalSection(SolutionProperties) = preSolution
		HideSolutionNode = FALSE
	EndGlobalSection
	GlobalSection(ExtensibilityGlobals) = postSolution
		SolutionGuid = {6CB6E729-F0E3-492A-8E79-29B5B93C3E48}
	EndGlobalSection
EndGlobal
